
Microsoft Visual Studio Solution File, Format Version 12.00
# Visual Studio Version 16
VisualStudioVersion = 16.0.34031.81
MinimumVisualStudioVersion = 10.0.40219.1
Project("{FAE04EC0-301F-11D3-BF4B-00C04F79EFBC}") = "Asset", "Asset\Asset.csproj", "{DA628086-B6AD-4ABA-9059-04184957B375}"
EndProject
Global
	GlobalSection(SolutionConfigurationPlatforms) = preSolution
		Debug|Any CPU = Debug|Any CPU
		Release|Any CPU = Release|Any CPU
	EndGlobalSection
	GlobalSection(ProjectConfigurationPlatforms) = postSolution
		{DA628086-B6AD-4ABA-9059-04184957B375}.Debug|Any CPU.ActiveCfg = Debug|Any CPU
		{DA628086-B6AD-4ABA-9059-04184957B375}.Debug|Any CPU.Build.0 = Debug|Any CPU
		{DA628086-B6AD-4ABA-9059-04184957B375}.Release|Any CPU.ActiveCfg = Release|Any CPU
		{DA628086-B6AD-4ABA-9059-04184957B375}.Release|Any CPU.Build.0 = Release|Any CPU
	EndGlobalSection
	GlobalSection(SolutionProperties) = preSolution
		HideSolutionNode = FALSE
	EndGlobalSection
	GlobalSection(ExtensibilityGlobals) = postSolution
		SolutionGuid = {AE8503CB-9775-49C9-9C1C-1BA8066544BD}
	EndGlobalSection
EndGlobal
